
Microsoft Visual Studio Solution File, Format Version 12.00
# Visual Studio Version 17
VisualStudioVersion = 17.10.35013.160
MinimumVisualStudioVersion = 10.0.40219.1
Project("{8BC9CEB8-8B4A-11D0-8D11-00A0C91BC942}") = "hw1", "hw1.vcxproj", "{767DC750-CC6C-4DFC-B57F-1B4207818B48}"
EndProject
Global
	GlobalSection(SolutionConfigurationPlatforms) = preSolution
		Debug|x64 = Debug|x64
		Debug|x86 = Debug|x86
		Release|x64 = Release|x64
		Release|x86 = Release|x86
	EndGlobalSection
	GlobalSection(ProjectConfigurationPlatforms) = postSolution
		{767DC750-CC6C-4DFC-B57F-1B4207818B48}.Debug|x64.ActiveCfg = Debug|x64
		{767DC750-CC6C-4DFC-B57F-1B4207818B48}.Debug|x64.Build.0 = Debug|x64
		{767DC750-CC6C-4DFC-B57F-1B4207818B48}.Debug|x86.ActiveCfg = Debug|Win32
		{767DC750-CC6C-4DFC-B57F-1B4207818B48}.Debug|x86.Build.0 = Debug|Win32
		{767DC750-CC6C-4DFC-B57F-1B4207818B48}.Release|x64.ActiveCfg = Release|x64
		{767DC750-CC6C-4DFC-B57F-1B4207818B48}.Release|x64.Build.0 = Release|x64
		{767DC750-CC6C-4DFC-B57F-1B4207818B48}.Release|x86.ActiveCfg = Release|Win32
		{767DC750-CC6C-4DFC-B57F-1B4207818B48}.Release|x86.Build.0 = Release|Win32
	EndGlobalSection
	GlobalSection(SolutionProperties) = preSolution
		HideSolutionNode = FALSE
	EndGlobalSection
	GlobalSection(ExtensibilityGlobals) = postSolution
		SolutionGuid = {2E3B877B-156D-4957-ADB5-2AAE469CAD1E}
	EndGlobalSection
EndGlobal
